// !$*UTF8*$!
{
	archiveVersion = 1;
	classes = {
	};
	objectVersion = 50;
	objects = {

/* Begin PBXBuildFile section */
		0C3DF4A4D1F8FC6F0AB08307 /* Pods_MajorMinor.framework in Frameworks */ = {isa = PBXBuildFile; fileRef = 24F5582B8DDD48DF11AC16C7 /* Pods_MajorMinor.framework */; };
		292DD7FF225C7C7600DBEAAC /* MajorViewController.swift in Sources */ = {isa = PBXBuildFile; fileRef = 292DD7FE225C7C7600DBEAAC /* MajorViewController.swift */; };
		292DD801225E702A00DBEAAC /* MajorItems.swift in Sources */ = {isa = PBXBuildFile; fileRef = 292DD800225E702A00DBEAAC /* MajorItems.swift */; };
		296DEA72225B242D00028388 /* AppDelegate.swift in Sources */ = {isa = PBXBuildFile; fileRef = 296DEA71225B242D00028388 /* AppDelegate.swift */; };
		296DEA77225B242D00028388 /* Main.storyboard in Resources */ = {isa = PBXBuildFile; fileRef = 296DEA75225B242D00028388 /* Main.storyboard */; };
		296DEA7C225B242F00028388 /* Assets.xcassets in Resources */ = {isa = PBXBuildFile; fileRef = 296DEA7B225B242F00028388 /* Assets.xcassets */; };
		296DEA7F225B242F00028388 /* LaunchScreen.storyboard in Resources */ = {isa = PBXBuildFile; fileRef = 296DEA7D225B242F00028388 /* LaunchScreen.storyboard */; };
		29DE692C226EB81300823124 /* MinorViewController.swift in Sources */ = {isa = PBXBuildFile; fileRef = 29DE692B226EB81300823124 /* MinorViewController.swift */; };
		29DE692E226EB83B00823124 /* MinorItem.swift in Sources */ = {isa = PBXBuildFile; fileRef = 29DE692D226EB83B00823124 /* MinorItem.swift */; };
/* End PBXBuildFile section */

/* Begin PBXFileReference section */
		1080A2BF9218B95AA414BAEB /* Pods-MajorMinor.debug.xcconfig */ = {isa = PBXFileReference; includeInIndex = 1; lastKnownFileType = text.xcconfig; name = "Pods-MajorMinor.debug.xcconfig"; path = "Pods/Target Support Files/Pods-MajorMinor/Pods-MajorMinor.debug.xcconfig"; sourceTree = "<group>"; };
		24F5582B8DDD48DF11AC16C7 /* Pods_MajorMinor.framework */ = {isa = PBXFileReference; explicitFileType = wrapper.framework; includeInIndex = 0; path = Pods_MajorMinor.framework; sourceTree = BUILT_PRODUCTS_DIR; };
		292DD7FE225C7C7600DBEAAC /* MajorViewController.swift */ = {isa = PBXFileReference; lastKnownFileType = sourcecode.swift; path = MajorViewController.swift; sourceTree = "<group>"; };
		292DD800225E702A00DBEAAC /* MajorItems.swift */ = {isa = PBXFileReference; lastKnownFileType = sourcecode.swift; path = MajorItems.swift; sourceTree = "<group>"; };
		296DEA6E225B242D00028388 /* MajorMinor.app */ = {isa = PBXFileReference; explicitFileType = wrapper.application; includeInIndex = 0; path = MajorMinor.app; sourceTree = BUILT_PRODUCTS_DIR; };
		296DEA71225B242D00028388 /* AppDelegate.swift */ = {isa = PBXFileReference; lastKnownFileType = sourcecode.swift; path = AppDelegate.swift; sourceTree = "<group>"; };
		296DEA76225B242D00028388 /* Base */ = {isa = PBXFileReference; lastKnownFileType = file.storyboard; name = Base; path = Base.lproj/Main.storyboard; sourceTree = "<group>"; };
		296DEA7B225B242F00028388 /* Assets.xcassets */ = {isa = PBXFileReference; lastKnownFileType = folder.assetcatalog; path = Assets.xcassets; sourceTree = "<group>"; };
		296DEA7E225B242F00028388 /* Base */ = {isa = PBXFileReference; lastKnownFileType = file.storyboard; name = Base; path = Base.lproj/LaunchScreen.storyboard; sourceTree = "<group>"; };
		296DEA80225B242F00028388 /* Info.plist */ = {isa = PBXFileReference; lastKnownFileType = text.plist.xml; path = Info.plist; sourceTree = "<group>"; };
		29DE692B226EB81300823124 /* MinorViewController.swift */ = {isa = PBXFileReference; lastKnownFileType = sourcecode.swift; path = MinorViewController.swift; sourceTree = "<group>"; };
		29DE692D226EB83B00823124 /* MinorItem.swift */ = {isa = PBXFileReference; lastKnownFileType = sourcecode.swift; path = MinorItem.swift; sourceTree = "<group>"; };
		64FA13510EA2B6881E8E7938 /* Pods-MajorMinor.release.xcconfig */ = {isa = PBXFileReference; includeInIndex = 1; lastKnownFileType = text.xcconfig; name = "Pods-MajorMinor.release.xcconfig"; path = "Pods/Target Support Files/Pods-MajorMinor/Pods-MajorMinor.release.xcconfig"; sourceTree = "<group>"; };
/* End PBXFileReference section */

/* Begin PBXFrameworksBuildPhase section */
		296DEA6B225B242D00028388 /* Frameworks */ = {
			isa = PBXFrameworksBuildPhase;
			buildActionMask = 2147483647;
			files = (
				0C3DF4A4D1F8FC6F0AB08307 /* Pods_MajorMinor.framework in Frameworks */,
			);
			runOnlyForDeploymentPostprocessing = 0;
		};
/* End PBXFrameworksBuildPhase section */

/* Begin PBXGroup section */
		292DD7FB225C7C1800DBEAAC /* Model */ = {
			isa = PBXGroup;
			children = (
				292DD800225E702A00DBEAAC /* MajorItems.swift */,
				29DE692D226EB83B00823124 /* MinorItem.swift */,
			);
			path = Model;
			sourceTree = "<group>";
		};
		292DD7FC225C7C1F00DBEAAC /* View */ = {
			isa = PBXGroup;
			children = (
				296DEA7D225B242F00028388 /* LaunchScreen.storyboard */,
				296DEA75225B242D00028388 /* Main.storyboard */,
			);
			path = View;
			sourceTree = "<group>";
		};
		292DD7FD225C7C2D00DBEAAC /* Controller */ = {
			isa = PBXGroup;
			children = (
				292DD7FE225C7C7600DBEAAC /* MajorViewController.swift */,
				29DE692B226EB81300823124 /* MinorViewController.swift */,
			);
			path = Controller;
			sourceTree = "<group>";
		};
		296DEA65225B242D00028388 = {
			isa = PBXGroup;
			children = (
				296DEA70225B242D00028388 /* MajorMinor */,
				296DEA6F225B242D00028388 /* Products */,
				ADF8ECAEBE8E4A98BFD32315 /* Pods */,
				813A92CB3E806E908F39BFA2 /* Frameworks */,
			);
			sourceTree = "<group>";
		};
		296DEA6F225B242D00028388 /* Products */ = {
			isa = PBXGroup;
			children = (
				296DEA6E225B242D00028388 /* MajorMinor.app */,
			);
			name = Products;
			sourceTree = "<group>";
		};
		296DEA70225B242D00028388 /* MajorMinor */ = {
			isa = PBXGroup;
			children = (
				296DEA71225B242D00028388 /* AppDelegate.swift */,
				292DD7FB225C7C1800DBEAAC /* Model */,
				292DD7FC225C7C1F00DBEAAC /* View */,
				292DD7FD225C7C2D00DBEAAC /* Controller */,
				29DE6928226EADDD00823124 /* Supporting Files */,
				296DEA7B225B242F00028388 /* Assets.xcassets */,
			);
			path = MajorMinor;
			sourceTree = "<group>";
		};
		29DE6928226EADDD00823124 /* Supporting Files */ = {
			isa = PBXGroup;
			children = (
				296DEA80225B242F00028388 /* Info.plist */,
			);
			path = "Supporting Files";
			sourceTree = "<group>";
		};
		813A92CB3E806E908F39BFA2 /* Frameworks */ = {
			isa = PBXGroup;
			children = (
				24F5582B8DDD48DF11AC16C7 /* Pods_MajorMinor.framework */,
			);
			name = Frameworks;
			sourceTree = "<group>";
		};
		ADF8ECAEBE8E4A98BFD32315 /* Pods */ = {
			isa = PBXGroup;
			children = (
				1080A2BF9218B95AA414BAEB /* Pods-MajorMinor.debug.xcconfig */,
				64FA13510EA2B6881E8E7938 /* Pods-MajorMinor.release.xcconfig */,
			);
			name = Pods;
			sourceTree = "<group>";
		};
/* End PBXGroup section */

/* Begin PBXNativeTarget section */
		296DEA6D225B242D00028388 /* MajorMinor */ = {
			isa = PBXNativeTarget;
			buildConfigurationList = 296DEA83225B242F00028388 /* Build configuration list for PBXNativeTarget "MajorMinor" */;
			buildPhases = (
				5A42D038A1BE0AB3D2F94367 /* [CP] Check Pods Manifest.lock */,
				296DEA6A225B242D00028388 /* Sources */,
				296DEA6B225B242D00028388 /* Frameworks */,
				296DEA6C225B242D00028388 /* Resources */,
				C69508976CA9A26E73113E18 /* [CP] Embed Pods Frameworks */,
			);
			buildRules = (
			);
			dependencies = (
			);
			name = MajorMinor;
			productName = MajorMinor;
			productReference = 296DEA6E225B242D00028388 /* MajorMinor.app */;
			productType = "com.apple.product-type.application";
		};
/* End PBXNativeTarget section */

/* Begin PBXProject section */
		296DEA66225B242D00028388 /* Project object */ = {
			isa = PBXProject;
			attributes = {
				LastSwiftUpdateCheck = 1020;
				LastUpgradeCheck = 1020;
				ORGANIZATIONNAME = "Victor Ruiz";
				TargetAttributes = {
					296DEA6D225B242D00028388 = {
						CreatedOnToolsVersion = 10.2;
					};
				};
			};
			buildConfigurationList = 296DEA69225B242D00028388 /* Build configuration list for PBXProject "MajorMinor" */;
			compatibilityVersion = "Xcode 9.3";
			developmentRegion = en;
			hasScannedForEncodings = 0;
			knownRegions = (
				en,
				Base,
			);
			mainGroup = 296DEA65225B242D00028388;
			productRefGroup = 296DEA6F225B242D00028388 /* Products */;
			projectDirPath = "";
			projectRoot = "";
			targets = (
				296DEA6D225B242D00028388 /* MajorMinor */,
			);
		};
/* End PBXProject section */

/* Begin PBXResourcesBuildPhase section */
		296DEA6C225B242D00028388 /* Resources */ = {
			isa = PBXResourcesBuildPhase;
			buildActionMask = 2147483647;
			files = (
				296DEA7F225B242F00028388 /* LaunchScreen.storyboard in Resources */,
				296DEA7C225B242F00028388 /* Assets.xcassets in Resources */,
				296DEA77225B242D00028388 /* Main.storyboard in Resources */,
			);
			runOnlyForDeploymentPostprocessing = 0;
		};
/* End PBXResourcesBuildPhase section */

/* Begin PBXShellScriptBuildPhase section */
		5A42D038A1BE0AB3D2F94367 /* [CP] Check Pods Manifest.lock */ = {
			isa = PBXShellScriptBuildPhase;
			buildActionMask = 2147483647;
			files = (
			);
			inputFileListPaths = (
			);
			inputPaths = (
				"${PODS_PODFILE_DIR_PATH}/Podfile.lock",
				"${PODS_ROOT}/Manifest.lock",
			);
			name = "[CP] Check Pods Manifest.lock";
			outputFileListPaths = (
			);
			outputPaths = (
				"$(DERIVED_FILE_DIR)/Pods-MajorMinor-checkManifestLockResult.txt",
			);
			runOnlyForDeploymentPostprocessing = 0;
			shellPath = /bin/sh;
			shellScript = "diff \"${PODS_PODFILE_DIR_PATH}/Podfile.lock\" \"${PODS_ROOT}/Manifest.lock\" > /dev/null\nif [ $? != 0 ] ; then\n    # print error to STDERR\n    echo \"error: The sandbox is not in sync with the Podfile.lock. Run 'pod install' or update your CocoaPods installation.\" >&2\n    exit 1\nfi\n# This output is used by Xcode 'outputs' to avoid re-running this script phase.\necho \"SUCCESS\" > \"${SCRIPT_OUTPUT_FILE_0}\"\n";
			showEnvVarsInLog = 0;
		};
		C69508976CA9A26E73113E18 /* [CP] Embed Pods Frameworks */ = {
			isa = PBXShellScriptBuildPhase;
			buildActionMask = 2147483647;
			files = (
			);
			inputFileListPaths = (
			);
			inputPaths = (
				"${SRCROOT}/Pods/Target Support Files/Pods-MajorMinor/Pods-MajorMinor-frameworks.sh",
				"${BUILT_PRODUCTS_DIR}/ChameleonFramework/ChameleonFramework.framework",
				"${BUILT_PRODUCTS_DIR}/Realm/Realm.framework",
				"${BUILT_PRODUCTS_DIR}/RealmSwift/RealmSwift.framework",
			);
			name = "[CP] Embed Pods Frameworks";
			outputFileListPaths = (
			);
			outputPaths = (
				"${TARGET_BUILD_DIR}/${FRAMEWORKS_FOLDER_PATH}/ChameleonFramework.framework",
				"${TARGET_BUILD_DIR}/${FRAMEWORKS_FOLDER_PATH}/Realm.framework",
				"${TARGET_BUILD_DIR}/${FRAMEWORKS_FOLDER_PATH}/RealmSwift.framework",
			);
			runOnlyForDeploymentPostprocessing = 0;
			shellPath = /bin/sh;
			shellScript = "\"${SRCROOT}/Pods/Target Support Files/Pods-MajorMinor/Pods-MajorMinor-frameworks.sh\"\n";
			showEnvVarsInLog = 0;
		};
/* End PBXShellScriptBuildPhase section */

/* Begin PBXSourcesBuildPhase section */
		296DEA6A225B242D00028388 /* Sources */ = {
			isa = PBXSourcesBuildPhase;
			buildActionMask = 2147483647;
			files = (
				29DE692E226EB83B00823124 /* MinorItem.swift in Sources */,
				29DE692C226EB81300823124 /* MinorViewController.swift in Sources */,
				292DD7FF225C7C7600DBEAAC /* MajorViewController.swift in Sources */,
				292DD801225E702A00DBEAAC /* MajorItems.swift in Sources */,
				296DEA72225B242D00028388 /* AppDelegate.swift in Sources */,
			);
			runOnlyForDeploymentPostprocessing = 0;
		};
/* End PBXSourcesBuildPhase section */

/* Begin PBXVariantGroup section */
		296DEA75225B242D00028388 /* Main.storyboard */ = {
			isa = PBXVariantGroup;
			children = (
				296DEA76225B242D00028388 /* Base */,
			);
			name = Main.storyboard;
			sourceTree = "<group>";
		};
		296DEA7D225B242F00028388 /* LaunchScreen.storyboard */ = {
			isa = PBXVariantGroup;
			children = (
				296DEA7E225B242F00028388 /* Base */,
			);
			name = LaunchScreen.storyboard;
			sourceTree = "<group>";
		};
/* End PBXVariantGroup section */

/* Begin XCBuildConfiguration section */
		296DEA81225B242F00028388 /* Debug */ = {
			isa = XCBuildConfiguration;
			buildSettings = {
				ALWAYS_SEARCH_USER_PATHS = NO;
				CLANG_ANALYZER_NONNULL = YES;
				CLANG_ANALYZER_NUMBER_OBJECT_CONVERSION = YES_AGGRESSIVE;
				CLANG_CXX_LANGUAGE_STANDARD = "gnu++14";
				CLANG_CXX_LIBRARY = "libc++";
				CLANG_ENABLE_MODULES = YES;
				CLANG_ENABLE_OBJC_ARC = YES;
				CLANG_ENABLE_OBJC_WEAK = YES;
				CLANG_WARN_BLOCK_CAPTURE_AUTORELEASING = YES;
				CLANG_WARN_BOOL_CONVERSION = YES;
				CLANG_WARN_COMMA = YES;
				CLANG_WARN_CONSTANT_CONVERSION = YES;
				CLANG_WARN_DEPRECATED_OBJC_IMPLEMENTATIONS = YES;
				CLANG_WARN_DIRECT_OBJC_ISA_USAGE = YES_ERROR;
				CLANG_WARN_DOCUMENTATION_COMMENTS = YES;
				CLANG_WARN_EMPTY_BODY = YES;
				CLANG_WARN_ENUM_CONVERSION = YES;
				CLANG_WARN_INFINITE_RECURSION = YES;
				CLANG_WARN_INT_CONVERSION = YES;
				CLANG_WARN_NON_LITERAL_NULL_CONVERSION = YES;
				CLANG_WARN_OBJC_IMPLICIT_RETAIN_SELF = YES;
				CLANG_WARN_OBJC_LITERAL_CONVERSION = YES;
				CLANG_WARN_OBJC_ROOT_CLASS = YES_ERROR;
				CLANG_WARN_RANGE_LOOP_ANALYSIS = YES;
				CLANG_WARN_STRICT_PROTOTYPES = YES;
				CLANG_WARN_SUSPICIOUS_MOVE = YES;
				CLANG_WARN_UNGUARDED_AVAILABILITY = YES_AGGRESSIVE;
				CLANG_WARN_UNREACHABLE_CODE = YES;
				CLANG_WARN__DUPLICATE_METHOD_MATCH = YES;
				CODE_SIGN_IDENTITY = "iPhone Developer";
				COPY_PHASE_STRIP = NO;
				DEBUG_INFORMATION_FORMAT = dwarf;
				ENABLE_STRICT_OBJC_MSGSEND = YES;
				ENABLE_TESTABILITY = YES;
				GCC_C_LANGUAGE_STANDARD = gnu11;
				GCC_DYNAMIC_NO_PIC = NO;
				GCC_NO_COMMON_BLOCKS = YES;
				GCC_OPTIMIZATION_LEVEL = 0;
				GCC_PREPROCESSOR_DEFINITIONS = (
					"DEBUG=1",
					"$(inherited)",
				);
				GCC_WARN_64_TO_32_BIT_CONVERSION = YES;
				GCC_WARN_ABOUT_RETURN_TYPE = YES_ERROR;
				GCC_WARN_UNDECLARED_SELECTOR = YES;
				GCC_WARN_UNINITIALIZED_AUTOS = YES_AGGRESSIVE;
				GCC_WARN_UNUSED_FUNCTION = YES;
				GCC_WARN_UNUSED_VARIABLE = YES;
				IPHONEOS_DEPLOYMENT_TARGET = 12.2;
				MTL_ENABLE_DEBUG_INFO = INCLUDE_SOURCE;
				MTL_FAST_MATH = YES;
				ONLY_ACTIVE_ARCH = YES;
				SDKROOT = iphoneos;
				SWIFT_ACTIVE_COMPILATION_CONDITIONS = DEBUG;
				SWIFT_OPTIMIZATION_LEVEL = "-Onone";
			};
			name = Debug;
		};
		296DEA82225B242F00028388 /* Release */ = {
			isa = XCBuildConfiguration;
			buildSettings = {
				ALWAYS_SEARCH_USER_PATHS = NO;
				CLANG_ANALYZER_NONNULL = YES;
				CLANG_ANALYZER_NUMBER_OBJECT_CONVERSION = YES_AGGRESSIVE;
				CLANG_CXX_LANGUAGE_STANDARD = "gnu++14";
				CLANG_CXX_LIBRARY = "libc++";
				CLANG_ENABLE_MODULES = YES;
				CLANG_ENABLE_OBJC_ARC = YES;
				CLANG_ENABLE_OBJC_WEAK = YES;
				CLANG_WARN_BLOCK_CAPTURE_AUTORELEASING = YES;
				CLANG_WARN_BOOL_CONVERSION = YES;
				CLANG_WARN_COMMA = YES;
				CLANG_WARN_CONSTANT_CONVERSION = YES;
				CLANG_WARN_DEPRECATED_OBJC_IMPLEMENTATIONS = YES;
				CLANG_WARN_DIRECT_OBJC_ISA_USAGE = YES_ERROR;
				CLANG_WARN_DOCUMENTATION_COMMENTS = YES;
				CLANG_WARN_EMPTY_BODY = YES;
				CLANG_WARN_ENUM_CONVERSION = YES;
				CLANG_WARN_INFINITE_RECURSION = YES;
				CLANG_WARN_INT_CONVERSION = YES;
				CLANG_WARN_NON_LITERAL_NULL_CONVERSION = YES;
				CLANG_WARN_OBJC_IMPLICIT_RETAIN_SELF = YES;
				CLANG_WARN_OBJC_LITERAL_CONVERSION = YES;
				CLANG_WARN_OBJC_ROOT_CLASS = YES_ERROR;
				CLANG_WARN_RANGE_LOOP_ANALYSIS = YES;
				CLANG_WARN_STRICT_PROTOTYPES = YES;
				CLANG_WARN_SUSPICIOUS_MOVE = YES;
				CLANG_WARN_UNGUARDED_AVAILABILITY = YES_AGGRESSIVE;
				CLANG_WARN_UNREACHABLE_CODE = YES;
				CLANG_WARN__DUPLICATE_METHOD_MATCH = YES;
				CODE_SIGN_IDENTITY = "iPhone Developer";
				COPY_PHASE_STRIP = NO;
				DEBUG_INFORMATION_FORMAT = "dwarf-with-dsym";
				ENABLE_NS_ASSERTIONS = NO;
				ENABLE_STRICT_OBJC_MSGSEND = YES;
				GCC_C_LANGUAGE_STANDARD = gnu11;
				GCC_NO_COMMON_BLOCKS = YES;
				GCC_WARN_64_TO_32_BIT_CONVERSION = YES;
				GCC_WARN_ABOUT_RETURN_TYPE = YES_ERROR;
				GCC_WARN_UNDECLARED_SELECTOR = YES;
				GCC_WARN_UNINITIALIZED_AUTOS = YES_AGGRESSIVE;
				GCC_WARN_UNUSED_FUNCTION = YES;
				GCC_WARN_UNUSED_VARIABLE = YES;
				IPHONEOS_DEPLOYMENT_TARGET = 12.2;
				MTL_ENABLE_DEBUG_INFO = NO;
				MTL_FAST_MATH = YES;
				SDKROOT = iphoneos;
				SWIFT_COMPILATION_MODE = wholemodule;
				SWIFT_OPTIMIZATION_LEVEL = "-O";
				VALIDATE_PRODUCT = YES;
			};
			name = Release;
		};
		296DEA84225B242F00028388 /* Debug */ = {
			isa = XCBuildConfiguration;
			baseConfigurationReference = 1080A2BF9218B95AA414BAEB /* Pods-MajorMinor.debug.xcconfig */;
			buildSettings = {
				ASSETCATALOG_COMPILER_APPICON_NAME = AppIcon;
				CODE_SIGN_STYLE = Automatic;
				DEVELOPMENT_TEAM = J8P65BP27D;
				INFOPLIST_FILE = "MajorMinor/Supporting Files/Info.plist/";
				LD_RUNPATH_SEARCH_PATHS = (
					"$(inherited)",
					"@executable_path/Frameworks",
				);
				PRODUCT_BUNDLE_IDENTIFIER = com.vgruiz.MajorMinor;
				PRODUCT_NAME = "$(TARGET_NAME)";
				SWIFT_VERSION = 5.0;
				TARGETED_DEVICE_FAMILY = 1;
			};
			name = Debug;
		};
		296DEA85225B242F00028388 /* Release */ = {
			isa = XCBuildConfiguration;
			baseConfigurationReference = 64FA13510EA2B6881E8E7938 /* Pods-MajorMinor.release.xcconfig */;
			buildSettings = {
				ASSETCATALOG_COMPILER_APPICON_NAME = AppIcon;
				CODE_SIGN_STYLE = Automatic;
				DEVELOPMENT_TEAM = J8P65BP27D;
				INFOPLIST_FILE = "MajorMinor/Supporting Files/Info.plist/";
				LD_RUNPATH_SEARCH_PATHS = (
					"$(inherited)",
					"@executable_path/Frameworks",
				);
				PRODUCT_BUNDLE_IDENTIFIER = com.vgruiz.MajorMinor;
				PRODUCT_NAME = "$(TARGET_NAME)";
				SWIFT_VERSION = 5.0;
				TARGETED_DEVICE_FAMILY = 1;
			};
			name = Release;
		};
/* End XCBuildConfiguration section */

/* Begin XCConfigurationList section */
		296DEA69225B242D00028388 /* Build configuration list for PBXProject "MajorMinor" */ = {
			isa = XCConfigurationList;
			buildConfigurations = (
				296DEA81225B242F00028388 /* Debug */,
				296DEA82225B242F00028388 /* Release */,
			);
			defaultConfigurationIsVisible = 0;
			defaultConfigurationName = Release;
		};
		296DEA83225B242F00028388 /* Build configuration list for PBXNativeTarget "MajorMinor" */ = {
			isa = XCConfigurationList;
			buildConfigurations = (
				296DEA84225B242F00028388 /* Debug */,
				296DEA85225B242F00028388 /* Release */,
			);
			defaultConfigurationIsVisible = 0;
			defaultConfigurationName = Release;
		};
/* End XCConfigurationList section */
	};
	rootObject = 296DEA66225B242D00028388 /* Project object */;
}
